
Microsoft Visual Studio Solution File, Format Version 12.00
# Visual Studio 15
VisualStudioVersion = 15.0.27130.2027
MinimumVisualStudioVersion = 10.0.40219.1
Project("{FAE04EC0-301F-11D3-BF4B-00C04F79EFBC}") = "RubberSharp", "RubberSharp\RubberSharp.csproj", "{06289A5F-877F-42A6-8978-329D689539F3}"
EndProject
Project("{FAE04EC0-301F-11D3-BF4B-00C04F79EFBC}") = "YoYoProject", "YoYoProject\YoYoProject\YoYoProject.csproj", "{7C338B55-76E3-4E85-80D2-1C0D677C1407}"
EndProject
Global
	GlobalSection(SolutionConfigurationPlatforms) = preSolution
		Debug|Any CPU = Debug|Any CPU
		Release|Any CPU = Release|Any CPU
	EndGlobalSection
	GlobalSection(ProjectConfigurationPlatforms) = postSolution
		{06289A5F-877F-42A6-8978-329D689539F3}.Debug|Any CPU.ActiveCfg = Debug|Any CPU
		{06289A5F-877F-42A6-8978-329D689539F3}.Debug|Any CPU.Build.0 = Debug|Any CPU
		{06289A5F-877F-42A6-8978-329D689539F3}.Release|Any CPU.ActiveCfg = Release|Any CPU
		{06289A5F-877F-42A6-8978-329D689539F3}.Release|Any CPU.Build.0 = Release|Any CPU
		{7C338B55-76E3-4E85-80D2-1C0D677C1407}.Debug|Any CPU.ActiveCfg = Debug|Any CPU
		{7C338B55-76E3-4E85-80D2-1C0D677C1407}.Debug|Any CPU.Build.0 = Debug|Any CPU
		{7C338B55-76E3-4E85-80D2-1C0D677C1407}.Release|Any CPU.ActiveCfg = Release|Any CPU
		{7C338B55-76E3-4E85-80D2-1C0D677C1407}.Release|Any CPU.Build.0 = Release|Any CPU
	EndGlobalSection
	GlobalSection(SolutionProperties) = preSolution
		HideSolutionNode = FALSE
	EndGlobalSection
	GlobalSection(ExtensibilityGlobals) = postSolution
		        SolutionGuid = {0C05EA84-F38E-4D5F-A4B3-09B4B92B6BD6}
		                SolutionGuid = {4669C230-ABE0-4247-A1DF-00F6C47DE97E}
		SolutionGuid = {7C927AC4-B705-4680-AA7C-DF195ACA3523}
	EndGlobalSection
EndGlobal
